
Microsoft Visual Studio Solution File, Format Version 12.00
# Visual Studio Version 17
VisualStudioVersion = 17.8.34322.80
MinimumVisualStudioVersion = 10.0.40219.1
Project("{FAE04EC0-301F-11D3-BF4B-00C04F79EFBC}") = "StudentDbcode", "StudentDbcode.csproj", "{BBBC3EDE-5440-4D45-8C0F-2E77F99D9C3F}"
EndProject
Project("{2150E333-8FDC-42A3-9474-1A3956D46DE8}") = "Solution Items", "Solution Items", "{3E8B4B60-9F0D-415F-9E00-D6051BDF8036}"
	ProjectSection(SolutionItems) = preProject
		.editorconfig = .editorconfig
	EndProjectSection
EndProject
Global
	GlobalSection(SolutionConfigurationPlatforms) = preSolution
		Debug|Any CPU = Debug|Any CPU
		Release|Any CPU = Release|Any CPU
	EndGlobalSection
	GlobalSection(ProjectConfigurationPlatforms) = postSolution
		{BBBC3EDE-5440-4D45-8C0F-2E77F99D9C3F}.Debug|Any CPU.ActiveCfg = Debug|Any CPU
		{BBBC3EDE-5440-4D45-8C0F-2E77F99D9C3F}.Debug|Any CPU.Build.0 = Debug|Any CPU
		{BBBC3EDE-5440-4D45-8C0F-2E77F99D9C3F}.Release|Any CPU.ActiveCfg = Release|Any CPU
		{BBBC3EDE-5440-4D45-8C0F-2E77F99D9C3F}.Release|Any CPU.Build.0 = Release|Any CPU
	EndGlobalSection
	GlobalSection(SolutionProperties) = preSolution
		HideSolutionNode = FALSE
	EndGlobalSection
	GlobalSection(ExtensibilityGlobals) = postSolution
		SolutionGuid = {379E8C6F-988A-4957-94F8-5006A5FA2DC6}
	EndGlobalSection
EndGlobal
